// !$*UTF8*$!
{
	archiveVersion = 1;
	classes = {
	};
	objectVersion = 56;
	objects = {

/* Begin PBXBuildFile section */
		8E1769042CA18F2200992F66 /* SortedSet.cpp in Sources */ = {isa = PBXBuildFile; fileRef = 8E1768FB2CA18F2200992F66 /* SortedSet.cpp */; };
		8E1769052CA18F2200992F66 /* App.cpp in Sources */ = {isa = PBXBuildFile; fileRef = 8E1768FC2CA18F2200992F66 /* App.cpp */; };
		8E1769062CA18F2200992F66 /* ExtendedTest.cpp in Sources */ = {isa = PBXBuildFile; fileRef = 8E1768FE2CA18F2200992F66 /* ExtendedTest.cpp */; };
		8E1769072CA18F2200992F66 /* ShortTest.cpp in Sources */ = {isa = PBXBuildFile; fileRef = 8E1769022CA18F2200992F66 /* ShortTest.cpp */; };
		8E1769082CA18F2200992F66 /* SortedSetIterator.cpp in Sources */ = {isa = PBXBuildFile; fileRef = 8E1769032CA18F2200992F66 /* SortedSetIterator.cpp */; };
/* End PBXBuildFile section */

/* Begin PBXCopyFilesBuildPhase section */
		8E1768EF2CA18E6500992F66 /* CopyFiles */ = {
			isa = PBXCopyFilesBuildPhase;
			buildActionMask = 2147483647;
			dstPath = /usr/share/man/man1/;
			dstSubfolderSpec = 0;
			files = (
			);
			runOnlyForDeploymentPostprocessing = 1;
		};
/* End PBXCopyFilesBuildPhase section */

/* Begin PBXFileReference section */
		8E1768F12CA18E6500992F66 /* Lab2-SortedSet-DLL */ = {isa = PBXFileReference; explicitFileType = "compiled.mach-o.executable"; includeInIndex = 0; path = "Lab2-SortedSet-DLL"; sourceTree = BUILT_PRODUCTS_DIR; };
		8E1768FB2CA18F2200992F66 /* SortedSet.cpp */ = {isa = PBXFileReference; fileEncoding = 4; lastKnownFileType = sourcecode.cpp.cpp; path = SortedSet.cpp; sourceTree = "<group>"; };
		8E1768FC2CA18F2200992F66 /* App.cpp */ = {isa = PBXFileReference; fileEncoding = 4; lastKnownFileType = sourcecode.cpp.cpp; path = App.cpp; sourceTree = "<group>"; };
		8E1768FD2CA18F2200992F66 /* ExtendedTest.h */ = {isa = PBXFileReference; fileEncoding = 4; lastKnownFileType = sourcecode.c.h; path = ExtendedTest.h; sourceTree = "<group>"; };
		8E1768FE2CA18F2200992F66 /* ExtendedTest.cpp */ = {isa = PBXFileReference; fileEncoding = 4; lastKnownFileType = sourcecode.cpp.cpp; path = ExtendedTest.cpp; sourceTree = "<group>"; };
		8E1768FF2CA18F2200992F66 /* ShortTest.h */ = {isa = PBXFileReference; fileEncoding = 4; lastKnownFileType = sourcecode.c.h; path = ShortTest.h; sourceTree = "<group>"; };
		8E1769002CA18F2200992F66 /* SortedSet.h */ = {isa = PBXFileReference; fileEncoding = 4; lastKnownFileType = sourcecode.c.h; path = SortedSet.h; sourceTree = "<group>"; };
		8E1769012CA18F2200992F66 /* SortedSetIterator.h */ = {isa = PBXFileReference; fileEncoding = 4; lastKnownFileType = sourcecode.c.h; path = SortedSetIterator.h; sourceTree = "<group>"; };
		8E1769022CA18F2200992F66 /* ShortTest.cpp */ = {isa = PBXFileReference; fileEncoding = 4; lastKnownFileType = sourcecode.cpp.cpp; path = ShortTest.cpp; sourceTree = "<group>"; };
		8E1769032CA18F2200992F66 /* SortedSetIterator.cpp */ = {isa = PBXFileReference; fileEncoding = 4; lastKnownFileType = sourcecode.cpp.cpp; path = SortedSetIterator.cpp; sourceTree = "<group>"; };
/* End PBXFileReference section */

/* Begin PBXFrameworksBuildPhase section */
		8E1768EE2CA18E6500992F66 /* Frameworks */ = {
			isa = PBXFrameworksBuildPhase;
			buildActionMask = 2147483647;
			files = (
			);
			runOnlyForDeploymentPostprocessing = 0;
		};
/* End PBXFrameworksBuildPhase section */

/* Begin PBXGroup section */
		8E1768E82CA18E6500992F66 = {
			isa = PBXGroup;
			children = (
				8E1768F32CA18E6500992F66 /* Lab2-SortedSet-DLL */,
				8E1768F22CA18E6500992F66 /* Products */,
			);
			sourceTree = "<group>";
		};
		8E1768F22CA18E6500992F66 /* Products */ = {
			isa = PBXGroup;
			children = (
				8E1768F12CA18E6500992F66 /* Lab2-SortedSet-DLL */,
			);
			name = Products;
			sourceTree = "<group>";
		};
		8E1768F32CA18E6500992F66 /* Lab2-SortedSet-DLL */ = {
			isa = PBXGroup;
			children = (
				8E1768FC2CA18F2200992F66 /* App.cpp */,
				8E1768FE2CA18F2200992F66 /* ExtendedTest.cpp */,
				8E1768FD2CA18F2200992F66 /* ExtendedTest.h */,
				8E1769022CA18F2200992F66 /* ShortTest.cpp */,
				8E1768FF2CA18F2200992F66 /* ShortTest.h */,
				8E1768FB2CA18F2200992F66 /* SortedSet.cpp */,
				8E1769002CA18F2200992F66 /* SortedSet.h */,
				8E1769032CA18F2200992F66 /* SortedSetIterator.cpp */,
				8E1769012CA18F2200992F66 /* SortedSetIterator.h */,
			);
			path = "Lab2-SortedSet-DLL";
			sourceTree = "<group>";
		};
/* End PBXGroup section */

/* Begin PBXNativeTarget section */
		8E1768F02CA18E6500992F66 /* Lab2-SortedSet-DLL */ = {
			isa = PBXNativeTarget;
			buildConfigurationList = 8E1768F82CA18E6500992F66 /* Build configuration list for PBXNativeTarget "Lab2-SortedSet-DLL" */;
			buildPhases = (
				8E1768ED2CA18E6500992F66 /* Sources */,
				8E1768EE2CA18E6500992F66 /* Frameworks */,
				8E1768EF2CA18E6500992F66 /* CopyFiles */,
			);
			buildRules = (
			);
			dependencies = (
			);
			name = "Lab2-SortedSet-DLL";
			productName = "Lab2-SortedSet-DLL";
			productReference = 8E1768F12CA18E6500992F66 /* Lab2-SortedSet-DLL */;
			productType = "com.apple.product-type.tool";
		};
/* End PBXNativeTarget section */

/* Begin PBXProject section */
		8E1768E92CA18E6500992F66 /* Project object */ = {
			isa = PBXProject;
			attributes = {
				BuildIndependentTargetsInParallel = 1;
				LastUpgradeCheck = 1530;
				TargetAttributes = {
					8E1768F02CA18E6500992F66 = {
						CreatedOnToolsVersion = 15.3;
					};
				};
			};
			buildConfigurationList = 8E1768EC2CA18E6500992F66 /* Build configuration list for PBXProject "Lab2-SortedSet-DLL" */;
			compatibilityVersion = "Xcode 14.0";
			developmentRegion = en;
			hasScannedForEncodings = 0;
			knownRegions = (
				en,
				Base,
			);
			mainGroup = 8E1768E82CA18E6500992F66;
			productRefGroup = 8E1768F22CA18E6500992F66 /* Products */;
			projectDirPath = "";
			projectRoot = "";
			targets = (
				8E1768F02CA18E6500992F66 /* Lab2-SortedSet-DLL */,
			);
		};
/* End PBXProject section */

/* Begin PBXSourcesBuildPhase section */
		8E1768ED2CA18E6500992F66 /* Sources */ = {
			isa = PBXSourcesBuildPhase;
			buildActionMask = 2147483647;
			files = (
				8E1769082CA18F2200992F66 /* SortedSetIterator.cpp in Sources */,
				8E1769062CA18F2200992F66 /* ExtendedTest.cpp in Sources */,
				8E1769042CA18F2200992F66 /* SortedSet.cpp in Sources */,
				8E1769072CA18F2200992F66 /* ShortTest.cpp in Sources */,
				8E1769052CA18F2200992F66 /* App.cpp in Sources */,
			);
			runOnlyForDeploymentPostprocessing = 0;
		};
/* End PBXSourcesBuildPhase section */

/* Begin XCBuildConfiguration section */
		8E1768F62CA18E6500992F66 /* Debug */ = {
			isa = XCBuildConfiguration;
			buildSettings = {
				ALWAYS_SEARCH_USER_PATHS = NO;
				ASSETCATALOG_COMPILER_GENERATE_SWIFT_ASSET_SYMBOL_EXTENSIONS = YES;
				CLANG_ANALYZER_NONNULL = YES;
				CLANG_ANALYZER_NUMBER_OBJECT_CONVERSION = YES_AGGRESSIVE;
				CLANG_CXX_LANGUAGE_STANDARD = "gnu++20";
				CLANG_ENABLE_MODULES = YES;
				CLANG_ENABLE_OBJC_ARC = YES;
				CLANG_ENABLE_OBJC_WEAK = YES;
				CLANG_WARN_BLOCK_CAPTURE_AUTORELEASING = YES;
				CLANG_WARN_BOOL_CONVERSION = YES;
				CLANG_WARN_COMMA = YES;
				CLANG_WARN_CONSTANT_CONVERSION = YES;
				CLANG_WARN_DEPRECATED_OBJC_IMPLEMENTATIONS = YES;
				CLANG_WARN_DIRECT_OBJC_ISA_USAGE = YES_ERROR;
				CLANG_WARN_DOCUMENTATION_COMMENTS = YES;
				CLANG_WARN_EMPTY_BODY = YES;
				CLANG_WARN_ENUM_CONVERSION = YES;
				CLANG_WARN_INFINITE_RECURSION = YES;
				CLANG_WARN_INT_CONVERSION = YES;
				CLANG_WARN_NON_LITERAL_NULL_CONVERSION = YES;
				CLANG_WARN_OBJC_IMPLICIT_RETAIN_SELF = YES;
				CLANG_WARN_OBJC_LITERAL_CONVERSION = YES;
				CLANG_WARN_OBJC_ROOT_CLASS = YES_ERROR;
				CLANG_WARN_QUOTED_INCLUDE_IN_FRAMEWORK_HEADER = YES;
				CLANG_WARN_RANGE_LOOP_ANALYSIS = YES;
				CLANG_WARN_STRICT_PROTOTYPES = YES;
				CLANG_WARN_SUSPICIOUS_MOVE = YES;
				CLANG_WARN_UNGUARDED_AVAILABILITY = YES_AGGRESSIVE;
				CLANG_WARN_UNREACHABLE_CODE = YES;
				CLANG_WARN__DUPLICATE_METHOD_MATCH = YES;
				COPY_PHASE_STRIP = NO;
				DEBUG_INFORMATION_FORMAT = dwarf;
				ENABLE_STRICT_OBJC_MSGSEND = YES;
				ENABLE_TESTABILITY = YES;
				ENABLE_USER_SCRIPT_SANDBOXING = YES;
				GCC_C_LANGUAGE_STANDARD = gnu17;
				GCC_DYNAMIC_NO_PIC = NO;
				GCC_NO_COMMON_BLOCKS = YES;
				GCC_OPTIMIZATION_LEVEL = 0;
				GCC_PREPROCESSOR_DEFINITIONS = (
					"DEBUG=1",
					"$(inherited)",
				);
				GCC_WARN_64_TO_32_BIT_CONVERSION = YES;
				GCC_WARN_ABOUT_RETURN_TYPE = YES_ERROR;
				GCC_WARN_UNDECLARED_SELECTOR = YES;
				GCC_WARN_UNINITIALIZED_AUTOS = YES_AGGRESSIVE;
				GCC_WARN_UNUSED_FUNCTION = YES;
				GCC_WARN_UNUSED_VARIABLE = YES;
				LOCALIZATION_PREFERS_STRING_CATALOGS = YES;
				MACOSX_DEPLOYMENT_TARGET = 14.4;
				MTL_ENABLE_DEBUG_INFO = INCLUDE_SOURCE;
				MTL_FAST_MATH = YES;
				ONLY_ACTIVE_ARCH = YES;
				SDKROOT = macosx;
			};
			name = Debug;
		};
		8E1768F72CA18E6500992F66 /* Release */ = {
			isa = XCBuildConfiguration;
			buildSettings = {
				ALWAYS_SEARCH_USER_PATHS = NO;
				ASSETCATALOG_COMPILER_GENERATE_SWIFT_ASSET_SYMBOL_EXTENSIONS = YES;
				CLANG_ANALYZER_NONNULL = YES;
				CLANG_ANALYZER_NUMBER_OBJECT_CONVERSION = YES_AGGRESSIVE;
				CLANG_CXX_LANGUAGE_STANDARD = "gnu++20";
				CLANG_ENABLE_MODULES = YES;
				CLANG_ENABLE_OBJC_ARC = YES;
				CLANG_ENABLE_OBJC_WEAK = YES;
				CLANG_WARN_BLOCK_CAPTURE_AUTORELEASING = YES;
				CLANG_WARN_BOOL_CONVERSION = YES;
				CLANG_WARN_COMMA = YES;
				CLANG_WARN_CONSTANT_CONVERSION = YES;
				CLANG_WARN_DEPRECATED_OBJC_IMPLEMENTATIONS = YES;
				CLANG_WARN_DIRECT_OBJC_ISA_USAGE = YES_ERROR;
				CLANG_WARN_DOCUMENTATION_COMMENTS = YES;
				CLANG_WARN_EMPTY_BODY = YES;
				CLANG_WARN_ENUM_CONVERSION = YES;
				CLANG_WARN_INFINITE_RECURSION = YES;
				CLANG_WARN_INT_CONVERSION = YES;
				CLANG_WARN_NON_LITERAL_NULL_CONVERSION = YES;
				CLANG_WARN_OBJC_IMPLICIT_RETAIN_SELF = YES;
				CLANG_WARN_OBJC_LITERAL_CONVERSION = YES;
				CLANG_WARN_OBJC_ROOT_CLASS = YES_ERROR;
				CLANG_WARN_QUOTED_INCLUDE_IN_FRAMEWORK_HEADER = YES;
				CLANG_WARN_RANGE_LOOP_ANALYSIS = YES;
				CLANG_WARN_STRICT_PROTOTYPES = YES;
				CLANG_WARN_SUSPICIOUS_MOVE = YES;
				CLANG_WARN_UNGUARDED_AVAILABILITY = YES_AGGRESSIVE;
				CLANG_WARN_UNREACHABLE_CODE = YES;
				CLANG_WARN__DUPLICATE_METHOD_MATCH = YES;
				COPY_PHASE_STRIP = NO;
				DEBUG_INFORMATION_FORMAT = "dwarf-with-dsym";
				ENABLE_NS_ASSERTIONS = NO;
				ENABLE_STRICT_OBJC_MSGSEND = YES;
				ENABLE_USER_SCRIPT_SANDBOXING = YES;
				GCC_C_LANGUAGE_STANDARD = gnu17;
				GCC_NO_COMMON_BLOCKS = YES;
				GCC_WARN_64_TO_32_BIT_CONVERSION = YES;
				GCC_WARN_ABOUT_RETURN_TYPE = YES_ERROR;
				GCC_WARN_UNDECLARED_SELECTOR = YES;
				GCC_WARN_UNINITIALIZED_AUTOS = YES_AGGRESSIVE;
				GCC_WARN_UNUSED_FUNCTION = YES;
				GCC_WARN_UNUSED_VARIABLE = YES;
				LOCALIZATION_PREFERS_STRING_CATALOGS = YES;
				MACOSX_DEPLOYMENT_TARGET = 14.4;
				MTL_ENABLE_DEBUG_INFO = NO;
				MTL_FAST_MATH = YES;
				SDKROOT = macosx;
			};
			name = Release;
		};
		8E1768F92CA18E6500992F66 /* Debug */ = {
			isa = XCBuildConfiguration;
			buildSettings = {
				CODE_SIGN_STYLE = Automatic;
				PRODUCT_NAME = "$(TARGET_NAME)";
			};
			name = Debug;
		};
		8E1768FA2CA18E6500992F66 /* Release */ = {
			isa = XCBuildConfiguration;
			buildSettings = {
				CODE_SIGN_STYLE = Automatic;
				PRODUCT_NAME = "$(TARGET_NAME)";
			};
			name = Release;
		};
/* End XCBuildConfiguration section */

/* Begin XCConfigurationList section */
		8E1768EC2CA18E6500992F66 /* Build configuration list for PBXProject "Lab2-SortedSet-DLL" */ = {
			isa = XCConfigurationList;
			buildConfigurations = (
				8E1768F62CA18E6500992F66 /* Debug */,
				8E1768F72CA18E6500992F66 /* Release */,
			);
			defaultConfigurationIsVisible = 0;
			defaultConfigurationName = Release;
		};
		8E1768F82CA18E6500992F66 /* Build configuration list for PBXNativeTarget "Lab2-SortedSet-DLL" */ = {
			isa = XCConfigurationList;
			buildConfigurations = (
				8E1768F92CA18E6500992F66 /* Debug */,
				8E1768FA2CA18E6500992F66 /* Release */,
			);
			defaultConfigurationIsVisible = 0;
			defaultConfigurationName = Release;
		};
/* End XCConfigurationList section */
	};
	rootObject = 8E1768E92CA18E6500992F66 /* Project object */;
}
